// !$*UTF8*$!
{
	archiveVersion = 1;
	classes = {
	};
	objectVersion = 46;
	objects = {

/* Begin PBXBuildFile section */
		7FD38B051A5CC1EF00BED49F /* main.m in Sources */ = {isa = PBXBuildFile; fileRef = 7FD38B041A5CC1EF00BED49F /* main.m */; };
		7FD38B081A5CC1EF00BED49F /* AppDelegate.m in Sources */ = {isa = PBXBuildFile; fileRef = 7FD38B071A5CC1EF00BED49F /* AppDelegate.m */; };
		7FD38B0B1A5CC1EF00BED49F /* ViewController.m in Sources */ = {isa = PBXBuildFile; fileRef = 7FD38B0A1A5CC1EF00BED49F /* ViewController.m */; };
		7FD38B0E1A5CC1EF00BED49F /* Main.storyboard in Resources */ = {isa = PBXBuildFile; fileRef = 7FD38B0C1A5CC1EF00BED49F /* Main.storyboard */; };
		7FD38B101A5CC1EF00BED49F /* Images.xcassets in Resources */ = {isa = PBXBuildFile; fileRef = 7FD38B0F1A5CC1EF00BED49F /* Images.xcassets */; };
		7FD38B131A5CC1EF00BED49F /* LaunchScreen.xib in Resources */ = {isa = PBXBuildFile; fileRef = 7FD38B111A5CC1EF00BED49F /* LaunchScreen.xib */; };
		7FD38B1F1A5CC1EF00BED49F /* GitRepTestTests.m in Sources */ = {isa = PBXBuildFile; fileRef = 7FD38B1E1A5CC1EF00BED49F /* GitRepTestTests.m */; };
/* End PBXBuildFile section */

/* Begin PBXContainerItemProxy section */
		7FD38B191A5CC1EF00BED49F /* PBXContainerItemProxy */ = {
			isa = PBXContainerItemProxy;
			containerPortal = 7FD38AF71A5CC1EF00BED49F /* Project object */;
			proxyType = 1;
			remoteGlobalIDString = 7FD38AFE1A5CC1EF00BED49F;
			remoteInfo = GitRepTest;
		};
/* End PBXContainerItemProxy section */

/* Begin PBXFileReference section */
		7FD38AFF1A5CC1EF00BED49F /* GitRepTest.app */ = {isa = PBXFileReference; explicitFileType = wrapper.application; includeInIndex = 0; path = GitRepTest.app; sourceTree = BUILT_PRODUCTS_DIR; };
		7FD38B031A5CC1EF00BED49F /* Info.plist */ = {isa = PBXFileReference; lastKnownFileType = text.plist.xml; path = Info.plist; sourceTree = "<group>"; };
		7FD38B041A5CC1EF00BED49F /* main.m */ = {isa = PBXFileReference; lastKnownFileType = sourcecode.c.objc; path = main.m; sourceTree = "<group>"; };
		7FD38B061A5CC1EF00BED49F /* AppDelegate.h */ = {isa = PBXFileReference; lastKnownFileType = sourcecode.c.h; path = AppDelegate.h; sourceTree = "<group>"; };
		7FD38B071A5CC1EF00BED49F /* AppDelegate.m */ = {isa = PBXFileReference; lastKnownFileType = sourcecode.c.objc; path = AppDelegate.m; sourceTree = "<group>"; };
		7FD38B091A5CC1EF00BED49F /* ViewController.h */ = {isa = PBXFileReference; lastKnownFileType = sourcecode.c.h; path = ViewController.h; sourceTree = "<group>"; };
		7FD38B0A1A5CC1EF00BED49F /* ViewController.m */ = {isa = PBXFileReference; lastKnownFileType = sourcecode.c.objc; path = ViewController.m; sourceTree = "<group>"; };
		7FD38B0D1A5CC1EF00BED49F /* Base */ = {isa = PBXFileReference; lastKnownFileType = file.storyboard; name = Base; path = Base.lproj/Main.storyboard; sourceTree = "<group>"; };
		7FD38B0F1A5CC1EF00BED49F /* Images.xcassets */ = {isa = PBXFileReference; lastKnownFileType = folder.assetcatalog; path = Images.xcassets; sourceTree = "<group>"; };
		7FD38B121A5CC1EF00BED49F /* Base */ = {isa = PBXFileReference; lastKnownFileType = file.xib; name = Base; path = Base.lproj/LaunchScreen.xib; sourceTree = "<group>"; };
		7FD38B181A5CC1EF00BED49F /* GitRepTestTests.xctest */ = {isa = PBXFileReference; explicitFileType = wrapper.cfbundle; includeInIndex = 0; path = GitRepTestTests.xctest; sourceTree = BUILT_PRODUCTS_DIR; };
		7FD38B1D1A5CC1EF00BED49F /* Info.plist */ = {isa = PBXFileReference; lastKnownFileType = text.plist.xml; path = Info.plist; sourceTree = "<group>"; };
		7FD38B1E1A5CC1EF00BED49F /* GitRepTestTests.m */ = {isa = PBXFileReference; lastKnownFileType = sourcecode.c.objc; path = GitRepTestTests.m; sourceTree = "<group>"; };
/* End PBXFileReference section */

/* Begin PBXFrameworksBuildPhase section */
		7FD38AFC1A5CC1EF00BED49F /* Frameworks */ = {
			isa = PBXFrameworksBuildPhase;
			buildActionMask = 2147483647;
			files = (
			);
			runOnlyForDeploymentPostprocessing = 0;
		};
		7FD38B151A5CC1EF00BED49F /* Frameworks */ = {
			isa = PBXFrameworksBuildPhase;
			buildActionMask = 2147483647;
			files = (
			);
			runOnlyForDeploymentPostprocessing = 0;
		};
/* End PBXFrameworksBuildPhase section */

/* Begin PBXGroup section */
		7FD38AF61A5CC1EF00BED49F = {
			isa = PBXGroup;
			children = (
				7FD38B011A5CC1EF00BED49F /* GitRepTest */,
				7FD38B1B1A5CC1EF00BED49F /* GitRepTestTests */,
				7FD38B001A5CC1EF00BED49F /* Products */,
			);
			sourceTree = "<group>";
		};
		7FD38B001A5CC1EF00BED49F /* Products */ = {
			isa = PBXGroup;
			children = (
				7FD38AFF1A5CC1EF00BED49F /* GitRepTest.app */,
				7FD38B181A5CC1EF00BED49F /* GitRepTestTests.xctest */,
			);
			name = Products;
			sourceTree = "<group>";
		};
		7FD38B011A5CC1EF00BED49F /* GitRepTest */ = {
			isa = PBXGroup;
			children = (
				7FD38B061A5CC1EF00BED49F /* AppDelegate.h */,
				7FD38B071A5CC1EF00BED49F /* AppDelegate.m */,
				7FD38B091A5CC1EF00BED49F /* ViewController.h */,
				7FD38B0A1A5CC1EF00BED49F /* ViewController.m */,
				7FD38B0C1A5CC1EF00BED49F /* Main.storyboard */,
				7FD38B0F1A5CC1EF00BED49F /* Images.xcassets */,
				7FD38B111A5CC1EF00BED49F /* LaunchScreen.xib */,
				7FD38B021A5CC1EF00BED49F /* Supporting Files */,
			);
			path = GitRepTest;
			sourceTree = "<group>";
		};
		7FD38B021A5CC1EF00BED49F /* Supporting Files */ = {
			isa = PBXGroup;
			children = (
				7FD38B031A5CC1EF00BED49F /* Info.plist */,
				7FD38B041A5CC1EF00BED49F /* main.m */,
			);
			name = "Supporting Files";
			sourceTree = "<group>";
		};
		7FD38B1B1A5CC1EF00BED49F /* GitRepTestTests */ = {
			isa = PBXGroup;
			children = (
				7FD38B1E1A5CC1EF00BED49F /* GitRepTestTests.m */,
				7FD38B1C1A5CC1EF00BED49F /* Supporting Files */,
			);
			path = GitRepTestTests;
			sourceTree = "<group>";
		};
		7FD38B1C1A5CC1EF00BED49F /* Supporting Files */ = {
			isa = PBXGroup;
			children = (
				7FD38B1D1A5CC1EF00BED49F /* Info.plist */,
			);
			name = "Supporting Files";
			sourceTree = "<group>";
		};
/* End PBXGroup section */

/* Begin PBXNativeTarget section */
		7FD38AFE1A5CC1EF00BED49F /* GitRepTest */ = {
			isa = PBXNativeTarget;
			buildConfigurationList = 7FD38B221A5CC1EF00BED49F /* Build configuration list for PBXNativeTarget "GitRepTest" */;
			buildPhases = (
				7FD38AFB1A5CC1EF00BED49F /* Sources */,
				7FD38AFC1A5CC1EF00BED49F /* Frameworks */,
				7FD38AFD1A5CC1EF00BED49F /* Resources */,
			);
			buildRules = (
			);
			dependencies = (
			);
			name = GitRepTest;
			productName = GitRepTest;
			productReference = 7FD38AFF1A5CC1EF00BED49F /* GitRepTest.app */;
			productType = "com.apple.product-type.application";
		};
		7FD38B171A5CC1EF00BED49F /* GitRepTestTests */ = {
			isa = PBXNativeTarget;
			buildConfigurationList = 7FD38B251A5CC1EF00BED49F /* Build configuration list for PBXNativeTarget "GitRepTestTests" */;
			buildPhases = (
				7FD38B141A5CC1EF00BED49F /* Sources */,
				7FD38B151A5CC1EF00BED49F /* Frameworks */,
				7FD38B161A5CC1EF00BED49F /* Resources */,
			);
			buildRules = (
			);
			dependencies = (
				7FD38B1A1A5CC1EF00BED49F /* PBXTargetDependency */,
			);
			name = GitRepTestTests;
			productName = GitRepTestTests;
			productReference = 7FD38B181A5CC1EF00BED49F /* GitRepTestTests.xctest */;
			productType = "com.apple.product-type.bundle.unit-test";
		};
/* End PBXNativeTarget section */

/* Begin PBXProject section */
		7FD38AF71A5CC1EF00BED49F /* Project object */ = {
			isa = PBXProject;
			attributes = {
				LastUpgradeCheck = 0610;
				ORGANIZATIONNAME = "Bundzs Andrejs";
				TargetAttributes = {
					7FD38AFE1A5CC1EF00BED49F = {
						CreatedOnToolsVersion = 6.1.1;
					};
					7FD38B171A5CC1EF00BED49F = {
						CreatedOnToolsVersion = 6.1.1;
						TestTargetID = 7FD38AFE1A5CC1EF00BED49F;
					};
				};
			};
			buildConfigurationList = 7FD38AFA1A5CC1EF00BED49F /* Build configuration list for PBXProject "GitRepTest" */;
			compatibilityVersion = "Xcode 3.2";
			developmentRegion = English;
			hasScannedForEncodings = 0;
			knownRegions = (
				en,
				Base,
			);
			mainGroup = 7FD38AF61A5CC1EF00BED49F;
			productRefGroup = 7FD38B001A5CC1EF00BED49F /* Products */;
			projectDirPath = "";
			projectRoot = "";
			targets = (
				7FD38AFE1A5CC1EF00BED49F /* GitRepTest */,
				7FD38B171A5CC1EF00BED49F /* GitRepTestTests */,
			);
		};
/* End PBXProject section */

/* Begin PBXResourcesBuildPhase section */
		7FD38AFD1A5CC1EF00BED49F /* Resources */ = {
			isa = PBXResourcesBuildPhase;
			buildActionMask = 2147483647;
			files = (
				7FD38B0E1A5CC1EF00BED49F /* Main.storyboard in Resources */,
				7FD38B131A5CC1EF00BED49F /* LaunchScreen.xib in Resources */,
				7FD38B101A5CC1EF00BED49F /* Images.xcassets in Resources */,
			);
			runOnlyForDeploymentPostprocessing = 0;
		};
		7FD38B161A5CC1EF00BED49F /* Resources */ = {
			isa = PBXResourcesBuildPhase;
			buildActionMask = 2147483647;
			files = (
			);
			runOnlyForDeploymentPostprocessing = 0;
		};
/* End PBXResourcesBuildPhase section */

/* Begin PBXSourcesBuildPhase section */
		7FD38AFB1A5CC1EF00BED49F /* Sources */ = {
			isa = PBXSourcesBuildPhase;
			buildActionMask = 2147483647;
			files = (
				7FD38B0B1A5CC1EF00BED49F /* ViewController.m in Sources */,
				7FD38B081A5CC1EF00BED49F /* AppDelegate.m in Sources */,
				7FD38B051A5CC1EF00BED49F /* main.m in Sources */,
			);
			runOnlyForDeploymentPostprocessing = 0;
		};
		7FD38B141A5CC1EF00BED49F /* Sources */ = {
			isa = PBXSourcesBuildPhase;
			buildActionMask = 2147483647;
			files = (
				7FD38B1F1A5CC1EF00BED49F /* GitRepTestTests.m in Sources */,
			);
			runOnlyForDeploymentPostprocessing = 0;
		};
/* End PBXSourcesBuildPhase section */

/* Begin PBXTargetDependency section */
		7FD38B1A1A5CC1EF00BED49F /* PBXTargetDependency */ = {
			isa = PBXTargetDependency;
			target = 7FD38AFE1A5CC1EF00BED49F /* GitRepTest */;
			targetProxy = 7FD38B191A5CC1EF00BED49F /* PBXContainerItemProxy */;
		};
/* End PBXTargetDependency section */

/* Begin PBXVariantGroup section */
		7FD38B0C1A5CC1EF00BED49F /* Main.storyboard */ = {
			isa = PBXVariantGroup;
			children = (
				7FD38B0D1A5CC1EF00BED49F /* Base */,
			);
			name = Main.storyboard;
			sourceTree = "<group>";
		};
		7FD38B111A5CC1EF00BED49F /* LaunchScreen.xib */ = {
			isa = PBXVariantGroup;
			children = (
				7FD38B121A5CC1EF00BED49F /* Base */,
			);
			name = LaunchScreen.xib;
			sourceTree = "<group>";
		};
/* End PBXVariantGroup section */

/* Begin XCBuildConfiguration section */
		7FD38B201A5CC1EF00BED49F /* Debug */ = {
			isa = XCBuildConfiguration;
			buildSettings = {
				ALWAYS_SEARCH_USER_PATHS = NO;
				CLANG_CXX_LANGUAGE_STANDARD = "gnu++0x";
				CLANG_CXX_LIBRARY = "libc++";
				CLANG_ENABLE_MODULES = YES;
				CLANG_ENABLE_OBJC_ARC = YES;
				CLANG_WARN_BOOL_CONVERSION = YES;
				CLANG_WARN_CONSTANT_CONVERSION = YES;
				CLANG_WARN_DIRECT_OBJC_ISA_USAGE = YES_ERROR;
				CLANG_WARN_EMPTY_BODY = YES;
				CLANG_WARN_ENUM_CONVERSION = YES;
				CLANG_WARN_INT_CONVERSION = YES;
				CLANG_WARN_OBJC_ROOT_CLASS = YES_ERROR;
				CLANG_WARN_UNREACHABLE_CODE = YES;
				CLANG_WARN__DUPLICATE_METHOD_MATCH = YES;
				"CODE_SIGN_IDENTITY[sdk=iphoneos*]" = "iPhone Developer";
				COPY_PHASE_STRIP = NO;
				ENABLE_STRICT_OBJC_MSGSEND = YES;
				GCC_C_LANGUAGE_STANDARD = gnu99;
				GCC_DYNAMIC_NO_PIC = NO;
				GCC_OPTIMIZATION_LEVEL = 0;
				GCC_PREPROCESSOR_DEFINITIONS = (
					"DEBUG=1",
					"$(inherited)",
				);
				GCC_SYMBOLS_PRIVATE_EXTERN = NO;
				GCC_WARN_64_TO_32_BIT_CONVERSION = YES;
				GCC_WARN_ABOUT_RETURN_TYPE = YES_ERROR;
				GCC_WARN_UNDECLARED_SELECTOR = YES;
				GCC_WARN_UNINITIALIZED_AUTOS = YES_AGGRESSIVE;
				GCC_WARN_UNUSED_FUNCTION = YES;
				GCC_WARN_UNUSED_VARIABLE = YES;
				IPHONEOS_DEPLOYMENT_TARGET = 8.1;
				MTL_ENABLE_DEBUG_INFO = YES;
				ONLY_ACTIVE_ARCH = YES;
				SDKROOT = iphoneos;
				TARGETED_DEVICE_FAMILY = "1,2";
			};
			name = Debug;
		};
		7FD38B211A5CC1EF00BED49F /* Release */ = {
			isa = XCBuildConfiguration;
			buildSettings = {
				ALWAYS_SEARCH_USER_PATHS = NO;
				CLANG_CXX_LANGUAGE_STANDARD = "gnu++0x";
				CLANG_CXX_LIBRARY = "libc++";
				CLANG_ENABLE_MODULES = YES;
				CLANG_ENABLE_OBJC_ARC = YES;
				CLANG_WARN_BOOL_CONVERSION = YES;
				CLANG_WARN_CONSTANT_CONVERSION = YES;
				CLANG_WARN_DIRECT_OBJC_ISA_USAGE = YES_ERROR;
				CLANG_WARN_EMPTY_BODY = YES;
				CLANG_WARN_ENUM_CONVERSION = YES;
				CLANG_WARN_INT_CONVERSION = YES;
				CLANG_WARN_OBJC_ROOT_CLASS = YES_ERROR;
				CLANG_WARN_UNREACHABLE_CODE = YES;
				CLANG_WARN__DUPLICATE_METHOD_MATCH = YES;
				"CODE_SIGN_IDENTITY[sdk=iphoneos*]" = "iPhone Developer";
				COPY_PHASE_STRIP = YES;
				ENABLE_NS_ASSERTIONS = NO;
				ENABLE_STRICT_OBJC_MSGSEND = YES;
				GCC_C_LANGUAGE_STANDARD = gnu99;
				GCC_WARN_64_TO_32_BIT_CONVERSION = YES;
				GCC_WARN_ABOUT_RETURN_TYPE = YES_ERROR;
				GCC_WARN_UNDECLARED_SELECTOR = YES;
				GCC_WARN_UNINITIALIZED_AUTOS = YES_AGGRESSIVE;
				GCC_WARN_UNUSED_FUNCTION = YES;
				GCC_WARN_UNUSED_VARIABLE = YES;
				IPHONEOS_DEPLOYMENT_TARGET = 8.1;
				MTL_ENABLE_DEBUG_INFO = NO;
				SDKROOT = iphoneos;
				TARGETED_DEVICE_FAMILY = "1,2";
				VALIDATE_PRODUCT = YES;
			};
			name = Release;
		};
		7FD38B231A5CC1EF00BED49F /* Debug */ = {
			isa = XCBuildConfiguration;
			buildSettings = {
				ASSETCATALOG_COMPILER_APPICON_NAME = AppIcon;
				INFOPLIST_FILE = GitRepTest/Info.plist;
				LD_RUNPATH_SEARCH_PATHS = "$(inherited) @executable_path/Frameworks";
				PRODUCT_NAME = "$(TARGET_NAME)";
			};
			name = Debug;
		};
		7FD38B241A5CC1EF00BED49F /* Release */ = {
			isa = XCBuildConfiguration;
			buildSettings = {
				ASSETCATALOG_COMPILER_APPICON_NAME = AppIcon;
				INFOPLIST_FILE = GitRepTest/Info.plist;
				LD_RUNPATH_SEARCH_PATHS = "$(inherited) @executable_path/Frameworks";
				PRODUCT_NAME = "$(TARGET_NAME)";
			};
			name = Release;
		};
		7FD38B261A5CC1EF00BED49F /* Debug */ = {
			isa = XCBuildConfiguration;
			buildSettings = {
				BUNDLE_LOADER = "$(TEST_HOST)";
				FRAMEWORK_SEARCH_PATHS = (
					"$(SDKROOT)/Developer/Library/Frameworks",
					"$(inherited)",
				);
				GCC_PREPROCESSOR_DEFINITIONS = (
					"DEBUG=1",
					"$(inherited)",
				);
				INFOPLIST_FILE = GitRepTestTests/Info.plist;
				LD_RUNPATH_SEARCH_PATHS = "$(inherited) @executable_path/Frameworks @loader_path/Frameworks";
				PRODUCT_NAME = "$(TARGET_NAME)";
				TEST_HOST = "$(BUILT_PRODUCTS_DIR)/GitRepTest.app/GitRepTest";
			};
			name = Debug;
		};
		7FD38B271A5CC1EF00BED49F /* Release */ = {
			isa = XCBuildConfiguration;
			buildSettings = {
				BUNDLE_LOADER = "$(TEST_HOST)";
				FRAMEWORK_SEARCH_PATHS = (
					"$(SDKROOT)/Developer/Library/Frameworks",
					"$(inherited)",
				);
				INFOPLIST_FILE = GitRepTestTests/Info.plist;
				LD_RUNPATH_SEARCH_PATHS = "$(inherited) @executable_path/Frameworks @loader_path/Frameworks";
				PRODUCT_NAME = "$(TARGET_NAME)";
				TEST_HOST = "$(BUILT_PRODUCTS_DIR)/GitRepTest.app/GitRepTest";
			};
			name = Release;
		};
/* End XCBuildConfiguration section */

/* Begin XCConfigurationList section */
		7FD38AFA1A5CC1EF00BED49F /* Build configuration list for PBXProject "GitRepTest" */ = {
			isa = XCConfigurationList;
			buildConfigurations = (
				7FD38B201A5CC1EF00BED49F /* Debug */,
				7FD38B211A5CC1EF00BED49F /* Release */,
			);
			defaultConfigurationIsVisible = 0;
			defaultConfigurationName = Release;
		};
		7FD38B221A5CC1EF00BED49F /* Build configuration list for PBXNativeTarget "GitRepTest" */ = {
			isa = XCConfigurationList;
			buildConfigurations = (
				7FD38B231A5CC1EF00BED49F /* Debug */,
				7FD38B241A5CC1EF00BED49F /* Release */,
			);
			defaultConfigurationIsVisible = 0;
		};
		7FD38B251A5CC1EF00BED49F /* Build configuration list for PBXNativeTarget "GitRepTestTests" */ = {
			isa = XCConfigurationList;
			buildConfigurations = (
				7FD38B261A5CC1EF00BED49F /* Debug */,
				7FD38B271A5CC1EF00BED49F /* Release */,
			);
			defaultConfigurationIsVisible = 0;
		};
/* End XCConfigurationList section */
	};
	rootObject = 7FD38AF71A5CC1EF00BED49F /* Project object */;
}
